
Microsoft Visual Studio Solution File, Format Version 12.00
Project("{FAE04EC0-301F-11D3-BF4B-00C04F79EFBC}") = "TodoList", "TodoList\TodoList.csproj", "{191989B1-C0CE-4AA6-BED5-39BBF54AF851}"
EndProject
Project("{2150E333-8FDC-42A3-9474-1A3956D46DE8}") = "TodoList.Domain", "TodoList.Domain", "{ADC55B23-ED59-49C0-B4B1-A812417D2930}"
EndProject
Project("{FAE04EC0-301F-11D3-BF4B-00C04F79EFBC}") = "TodoList.Domain", "TodoList.Domain\TodoList.Domain.csproj", "{1D0988A0-EEC9-458E-9B80-A5164FDD150F}"
EndProject
Project("{2150E333-8FDC-42A3-9474-1A3956D46DE8}") = "TodoList.Services", "TodoList.Services", "{DA60CD14-F5F2-410E-BF46-1AE5B7C6F7CF}"
EndProject
Project("{FAE04EC0-301F-11D3-BF4B-00C04F79EFBC}") = "TodoList.Services", "TodoList.Services\TodoList.Services.csproj", "{A983263E-B925-4E61-AEA9-833EBFA0989D}"
EndProject
Project("{FAE04EC0-301F-11D3-BF4B-00C04F79EFBC}") = "TodoList.DAL", "TodoList.DAL\TodoList.DAL.csproj", "{27FE27C0-A6A8-4979-854E-166ED310DC2A}"
EndProject
Project("{FAE04EC0-301F-11D3-BF4B-00C04F79EFBC}") = "TodoList.DTOs", "TodoList.DTOs\TodoList.DTOs.csproj", "{94E88AB3-7B74-4C67-B0F5-8BC4FAAF7802}"
EndProject
Project("{FAE04EC0-301F-11D3-BF4B-00C04F79EFBC}") = "TodoList.Tests", "TodoList.Tests\TodoList.Tests.csproj", "{1F5007AB-5D46-40FA-A87D-5EE350EA6D00}"
EndProject
Global
	GlobalSection(SolutionConfigurationPlatforms) = preSolution
		Debug|Any CPU = Debug|Any CPU
		Release|Any CPU = Release|Any CPU
	EndGlobalSection
	GlobalSection(ProjectConfigurationPlatforms) = postSolution
		{191989B1-C0CE-4AA6-BED5-39BBF54AF851}.Debug|Any CPU.ActiveCfg = Debug|Any CPU
		{191989B1-C0CE-4AA6-BED5-39BBF54AF851}.Debug|Any CPU.Build.0 = Debug|Any CPU
		{191989B1-C0CE-4AA6-BED5-39BBF54AF851}.Release|Any CPU.ActiveCfg = Release|Any CPU
		{191989B1-C0CE-4AA6-BED5-39BBF54AF851}.Release|Any CPU.Build.0 = Release|Any CPU
		{1D0988A0-EEC9-458E-9B80-A5164FDD150F}.Debug|Any CPU.ActiveCfg = Debug|Any CPU
		{1D0988A0-EEC9-458E-9B80-A5164FDD150F}.Debug|Any CPU.Build.0 = Debug|Any CPU
		{1D0988A0-EEC9-458E-9B80-A5164FDD150F}.Release|Any CPU.ActiveCfg = Release|Any CPU
		{1D0988A0-EEC9-458E-9B80-A5164FDD150F}.Release|Any CPU.Build.0 = Release|Any CPU
		{A983263E-B925-4E61-AEA9-833EBFA0989D}.Debug|Any CPU.ActiveCfg = Debug|Any CPU
		{A983263E-B925-4E61-AEA9-833EBFA0989D}.Debug|Any CPU.Build.0 = Debug|Any CPU
		{A983263E-B925-4E61-AEA9-833EBFA0989D}.Release|Any CPU.ActiveCfg = Release|Any CPU
		{A983263E-B925-4E61-AEA9-833EBFA0989D}.Release|Any CPU.Build.0 = Release|Any CPU
		{27FE27C0-A6A8-4979-854E-166ED310DC2A}.Debug|Any CPU.ActiveCfg = Debug|Any CPU
		{27FE27C0-A6A8-4979-854E-166ED310DC2A}.Debug|Any CPU.Build.0 = Debug|Any CPU
		{27FE27C0-A6A8-4979-854E-166ED310DC2A}.Release|Any CPU.ActiveCfg = Release|Any CPU
		{27FE27C0-A6A8-4979-854E-166ED310DC2A}.Release|Any CPU.Build.0 = Release|Any CPU
		{94E88AB3-7B74-4C67-B0F5-8BC4FAAF7802}.Debug|Any CPU.ActiveCfg = Debug|Any CPU
		{94E88AB3-7B74-4C67-B0F5-8BC4FAAF7802}.Debug|Any CPU.Build.0 = Debug|Any CPU
		{94E88AB3-7B74-4C67-B0F5-8BC4FAAF7802}.Release|Any CPU.ActiveCfg = Release|Any CPU
		{94E88AB3-7B74-4C67-B0F5-8BC4FAAF7802}.Release|Any CPU.Build.0 = Release|Any CPU
		{1F5007AB-5D46-40FA-A87D-5EE350EA6D00}.Debug|Any CPU.ActiveCfg = Debug|Any CPU
		{1F5007AB-5D46-40FA-A87D-5EE350EA6D00}.Debug|Any CPU.Build.0 = Debug|Any CPU
		{1F5007AB-5D46-40FA-A87D-5EE350EA6D00}.Release|Any CPU.ActiveCfg = Release|Any CPU
		{1F5007AB-5D46-40FA-A87D-5EE350EA6D00}.Release|Any CPU.Build.0 = Release|Any CPU
	EndGlobalSection
	GlobalSection(NestedProjects) = preSolution
		{1D0988A0-EEC9-458E-9B80-A5164FDD150F} = {ADC55B23-ED59-49C0-B4B1-A812417D2930}
		{A983263E-B925-4E61-AEA9-833EBFA0989D} = {DA60CD14-F5F2-410E-BF46-1AE5B7C6F7CF}
	EndGlobalSection
EndGlobal
